{
  "name": "@ikenley/consumer-example",
  "version": "1.0.0",
  "lockfileVersion": 1,
  "requires": true,
  "dependencies": {
    "@ikenley/package-example": {
      "version": "1.1.2",
      "resolved": "https://my-domain-924586450630.d.codeartifact.us-east-1.amazonaws.com:443/npm/my-repo/@ikenley/package-example/-/package-example-1.1.2.tgz",
      "integrity": "sha512-YbASMVJFz4zdNIzGmkFlJ/EzA+K2mXZP7/vWVBfk9VkE/2mgV19BD3RvZbtI+IrteG9ElQaRMm6VOu1AxcaxoA=="
    }
  }
}
